
Microsoft Visual Studio Solution File, Format Version 12.00
# Visual Studio 15
VisualStudioVersion = 15.0.27703.2042
MinimumVisualStudioVersion = 10.0.40219.1
Project("{9A19103F-16F7-4668-BE54-9A1E7A4F7556}") = "VMSProjectV2", "VMSProject-v2\VMSProjectV2.csproj", "{FC02E412-D419-45F7-8640-2D81F618846B}"
EndProject
Global
	GlobalSection(SolutionConfigurationPlatforms) = preSolution
		Debug|Any CPU = Debug|Any CPU
		Release|Any CPU = Release|Any CPU
	EndGlobalSection
	GlobalSection(ProjectConfigurationPlatforms) = postSolution
		{FC02E412-D419-45F7-8640-2D81F618846B}.Debug|Any CPU.ActiveCfg = Debug|Any CPU
		{FC02E412-D419-45F7-8640-2D81F618846B}.Debug|Any CPU.Build.0 = Debug|Any CPU
		{FC02E412-D419-45F7-8640-2D81F618846B}.Release|Any CPU.ActiveCfg = Release|Any CPU
		{FC02E412-D419-45F7-8640-2D81F618846B}.Release|Any CPU.Build.0 = Release|Any CPU
	EndGlobalSection
	GlobalSection(SolutionProperties) = preSolution
		HideSolutionNode = FALSE
	EndGlobalSection
	GlobalSection(ExtensibilityGlobals) = postSolution
		SolutionGuid = {E4FC562E-C82C-4CC2-8916-691BAE30DC81}
	EndGlobalSection
EndGlobal
